
Microsoft Visual Studio Solution File, Format Version 12.00
# Visual Studio Version 17
VisualStudioVersion = 17.2.32526.322
MinimumVisualStudioVersion = 10.0.40219.1
Project("{FAE04EC0-301F-11D3-BF4B-00C04F79EFBC}") = "MSC.DemoApp", "MSC.DemoApp\MSC.DemoApp.csproj", "{9CD63EC9-DE6F-4FE8-A6DB-6DDE601B645A}"
	ProjectSection(ProjectDependencies) = postProject
		{86B856D5-5069-4E75-96D2-AF0664CDB940} = {86B856D5-5069-4E75-96D2-AF0664CDB940}
	EndProjectSection
EndProject
Project("{FAE04EC0-301F-11D3-BF4B-00C04F79EFBC}") = "MSC.DemoLogic", "MSC.DemoLibrary\MSC.DemoLogic.csproj", "{86B856D5-5069-4E75-96D2-AF0664CDB940}"
EndProject
Project("{FAE04EC0-301F-11D3-BF4B-00C04F79EFBC}") = "MSC.DemoUnitTests", "MSC.DemoUnitTests\MSC.DemoUnitTests.csproj", "{7BEA7930-B1B9-4B16-AF9A-A98A0518CA30}"
EndProject
Global
	GlobalSection(SolutionConfigurationPlatforms) = preSolution
		Debug|Any CPU = Debug|Any CPU
		Release|Any CPU = Release|Any CPU
	EndGlobalSection
	GlobalSection(ProjectConfigurationPlatforms) = postSolution
		{9CD63EC9-DE6F-4FE8-A6DB-6DDE601B645A}.Debug|Any CPU.ActiveCfg = Debug|Any CPU
		{9CD63EC9-DE6F-4FE8-A6DB-6DDE601B645A}.Debug|Any CPU.Build.0 = Debug|Any CPU
		{9CD63EC9-DE6F-4FE8-A6DB-6DDE601B645A}.Release|Any CPU.ActiveCfg = Release|Any CPU
		{9CD63EC9-DE6F-4FE8-A6DB-6DDE601B645A}.Release|Any CPU.Build.0 = Release|Any CPU
		{86B856D5-5069-4E75-96D2-AF0664CDB940}.Debug|Any CPU.ActiveCfg = Debug|Any CPU
		{86B856D5-5069-4E75-96D2-AF0664CDB940}.Debug|Any CPU.Build.0 = Debug|Any CPU
		{86B856D5-5069-4E75-96D2-AF0664CDB940}.Release|Any CPU.ActiveCfg = Release|Any CPU
		{86B856D5-5069-4E75-96D2-AF0664CDB940}.Release|Any CPU.Build.0 = Release|Any CPU
		{7BEA7930-B1B9-4B16-AF9A-A98A0518CA30}.Debug|Any CPU.ActiveCfg = Debug|Any CPU
		{7BEA7930-B1B9-4B16-AF9A-A98A0518CA30}.Debug|Any CPU.Build.0 = Debug|Any CPU
		{7BEA7930-B1B9-4B16-AF9A-A98A0518CA30}.Release|Any CPU.ActiveCfg = Release|Any CPU
		{7BEA7930-B1B9-4B16-AF9A-A98A0518CA30}.Release|Any CPU.Build.0 = Release|Any CPU
	EndGlobalSection
	GlobalSection(SolutionProperties) = preSolution
		HideSolutionNode = FALSE
	EndGlobalSection
	GlobalSection(ExtensibilityGlobals) = postSolution
		SolutionGuid = {A2654A07-C84C-4AB1-BCF6-DAEE8C343C4A}
	EndGlobalSection
EndGlobal
